// !$*UTF8*$!
{
	archiveVersion = 1;
	classes = {
	};
	objectVersion = 56;
	objects = {

/* Begin PBXBuildFile section */
		1A82239A2B60F19000EBAFEB /* FeedCell.swift in Sources */ = {isa = PBXBuildFile; fileRef = 1A8223992B60F19000EBAFEB /* FeedCell.swift */; };
		1AA81E262B62496700407BB0 /* Post.swift in Sources */ = {isa = PBXBuildFile; fileRef = 1AA81E252B62496700407BB0 /* Post.swift */; };
		1AE90F872B5FCFD80074D73D /* AppDelegate.swift in Sources */ = {isa = PBXBuildFile; fileRef = 1AE90F862B5FCFD80074D73D /* AppDelegate.swift */; };
		1AE90F892B5FCFD80074D73D /* SceneDelegate.swift in Sources */ = {isa = PBXBuildFile; fileRef = 1AE90F882B5FCFD80074D73D /* SceneDelegate.swift */; };
		1AE90F8B2B5FCFD80074D73D /* ViewController.swift in Sources */ = {isa = PBXBuildFile; fileRef = 1AE90F8A2B5FCFD80074D73D /* ViewController.swift */; };
		1AE90F8E2B5FCFD80074D73D /* Main.storyboard in Resources */ = {isa = PBXBuildFile; fileRef = 1AE90F8C2B5FCFD80074D73D /* Main.storyboard */; };
		1AE90F902B5FCFD90074D73D /* Assets.xcassets in Resources */ = {isa = PBXBuildFile; fileRef = 1AE90F8F2B5FCFD90074D73D /* Assets.xcassets */; };
		1AE90F932B5FCFD90074D73D /* LaunchScreen.storyboard in Resources */ = {isa = PBXBuildFile; fileRef = 1AE90F912B5FCFD90074D73D /* LaunchScreen.storyboard */; };
		1AE90F9B2B5FCFED0074D73D /* GoogleService-Info.plist in Resources */ = {isa = PBXBuildFile; fileRef = 1AE90F9A2B5FCFED0074D73D /* GoogleService-Info.plist */; };
		1AEBEEDC2B5FDADF001FB8D2 /* FeedViewController.swift in Sources */ = {isa = PBXBuildFile; fileRef = 1AEBEEDB2B5FDADF001FB8D2 /* FeedViewController.swift */; };
		1AEBEEDF2B5FDB05001FB8D2 /* UploadViewController.swift in Sources */ = {isa = PBXBuildFile; fileRef = 1AEBEEDE2B5FDB05001FB8D2 /* UploadViewController.swift */; };
		1AEBEEE12B5FDB11001FB8D2 /* SettingViewController.swift in Sources */ = {isa = PBXBuildFile; fileRef = 1AEBEEE02B5FDB11001FB8D2 /* SettingViewController.swift */; };
		DBA2F5409A687676F8E2B74A /* Pods_PhotoSharingAppFB.framework in Frameworks */ = {isa = PBXBuildFile; fileRef = 8EBDD14DBC5910BE0B0B1303 /* Pods_PhotoSharingAppFB.framework */; };
/* End PBXBuildFile section */

/* Begin PBXFileReference section */
		1A8223992B60F19000EBAFEB /* FeedCell.swift */ = {isa = PBXFileReference; lastKnownFileType = sourcecode.swift; path = FeedCell.swift; sourceTree = "<group>"; };
		1AA81E252B62496700407BB0 /* Post.swift */ = {isa = PBXFileReference; lastKnownFileType = sourcecode.swift; path = Post.swift; sourceTree = "<group>"; };
		1AE90F832B5FCFD80074D73D /* PhotoSharingAppFB.app */ = {isa = PBXFileReference; explicitFileType = wrapper.application; includeInIndex = 0; path = PhotoSharingAppFB.app; sourceTree = BUILT_PRODUCTS_DIR; };
		1AE90F862B5FCFD80074D73D /* AppDelegate.swift */ = {isa = PBXFileReference; lastKnownFileType = sourcecode.swift; path = AppDelegate.swift; sourceTree = "<group>"; };
		1AE90F882B5FCFD80074D73D /* SceneDelegate.swift */ = {isa = PBXFileReference; lastKnownFileType = sourcecode.swift; path = SceneDelegate.swift; sourceTree = "<group>"; };
		1AE90F8A2B5FCFD80074D73D /* ViewController.swift */ = {isa = PBXFileReference; lastKnownFileType = sourcecode.swift; path = ViewController.swift; sourceTree = "<group>"; };
		1AE90F8D2B5FCFD80074D73D /* Base */ = {isa = PBXFileReference; lastKnownFileType = file.storyboard; name = Base; path = Base.lproj/Main.storyboard; sourceTree = "<group>"; };
		1AE90F8F2B5FCFD90074D73D /* Assets.xcassets */ = {isa = PBXFileReference; lastKnownFileType = folder.assetcatalog; path = Assets.xcassets; sourceTree = "<group>"; };
		1AE90F922B5FCFD90074D73D /* Base */ = {isa = PBXFileReference; lastKnownFileType = file.storyboard; name = Base; path = Base.lproj/LaunchScreen.storyboard; sourceTree = "<group>"; };
		1AE90F942B5FCFD90074D73D /* Info.plist */ = {isa = PBXFileReference; lastKnownFileType = text.plist.xml; path = Info.plist; sourceTree = "<group>"; };
		1AE90F9A2B5FCFED0074D73D /* GoogleService-Info.plist */ = {isa = PBXFileReference; fileEncoding = 4; lastKnownFileType = text.plist.xml; path = "GoogleService-Info.plist"; sourceTree = "<group>"; };
		1AEBEEDB2B5FDADF001FB8D2 /* FeedViewController.swift */ = {isa = PBXFileReference; lastKnownFileType = sourcecode.swift; path = FeedViewController.swift; sourceTree = "<group>"; };
		1AEBEEDE2B5FDB05001FB8D2 /* UploadViewController.swift */ = {isa = PBXFileReference; lastKnownFileType = sourcecode.swift; path = UploadViewController.swift; sourceTree = "<group>"; };
		1AEBEEE02B5FDB11001FB8D2 /* SettingViewController.swift */ = {isa = PBXFileReference; lastKnownFileType = sourcecode.swift; path = SettingViewController.swift; sourceTree = "<group>"; };
		308759692510813722667754 /* Pods-PhotoSharingAppFB.debug.xcconfig */ = {isa = PBXFileReference; includeInIndex = 1; lastKnownFileType = text.xcconfig; name = "Pods-PhotoSharingAppFB.debug.xcconfig"; path = "Target Support Files/Pods-PhotoSharingAppFB/Pods-PhotoSharingAppFB.debug.xcconfig"; sourceTree = "<group>"; };
		8EBDD14DBC5910BE0B0B1303 /* Pods_PhotoSharingAppFB.framework */ = {isa = PBXFileReference; explicitFileType = wrapper.framework; includeInIndex = 0; path = Pods_PhotoSharingAppFB.framework; sourceTree = BUILT_PRODUCTS_DIR; };
		BCCD44C2EDB1E2D08B7491D1 /* Pods-PhotoSharingAppFB.release.xcconfig */ = {isa = PBXFileReference; includeInIndex = 1; lastKnownFileType = text.xcconfig; name = "Pods-PhotoSharingAppFB.release.xcconfig"; path = "Target Support Files/Pods-PhotoSharingAppFB/Pods-PhotoSharingAppFB.release.xcconfig"; sourceTree = "<group>"; };
/* End PBXFileReference section */

/* Begin PBXFrameworksBuildPhase section */
		1AE90F802B5FCFD80074D73D /* Frameworks */ = {
			isa = PBXFrameworksBuildPhase;
			buildActionMask = 2147483647;
			files = (
				DBA2F5409A687676F8E2B74A /* Pods_PhotoSharingAppFB.framework in Frameworks */,
			);
			runOnlyForDeploymentPostprocessing = 0;
		};
/* End PBXFrameworksBuildPhase section */

/* Begin PBXGroup section */
		1AA81E242B62495A00407BB0 /* Model */ = {
			isa = PBXGroup;
			children = (
				1AA81E252B62496700407BB0 /* Post.swift */,
			);
			path = Model;
			sourceTree = "<group>";
		};
		1AE90F7A2B5FCFD80074D73D = {
			isa = PBXGroup;
			children = (
				1AE90F852B5FCFD80074D73D /* PhotoSharingAppFB */,
				1AE90F842B5FCFD80074D73D /* Products */,
				BDB7FF405D5CCB14D8EF983A /* Pods */,
				6618862CB97552FA5F28B4BA /* Frameworks */,
			);
			sourceTree = "<group>";
		};
		1AE90F842B5FCFD80074D73D /* Products */ = {
			isa = PBXGroup;
			children = (
				1AE90F832B5FCFD80074D73D /* PhotoSharingAppFB.app */,
			);
			name = Products;
			sourceTree = "<group>";
		};
		1AE90F852B5FCFD80074D73D /* PhotoSharingAppFB */ = {
			isa = PBXGroup;
			children = (
				1AA81E242B62495A00407BB0 /* Model */,
				1AEBEEDD2B5FDAE4001FB8D2 /* View */,
				1AE90F8C2B5FCFD80074D73D /* Main.storyboard */,
				1AE90F8F2B5FCFD90074D73D /* Assets.xcassets */,
				1AE90F912B5FCFD90074D73D /* LaunchScreen.storyboard */,
				1AE90F942B5FCFD90074D73D /* Info.plist */,
				1AE90F9A2B5FCFED0074D73D /* GoogleService-Info.plist */,
			);
			path = PhotoSharingAppFB;
			sourceTree = "<group>";
		};
		1AEBEEDD2B5FDAE4001FB8D2 /* View */ = {
			isa = PBXGroup;
			children = (
				1AE90F862B5FCFD80074D73D /* AppDelegate.swift */,
				1AE90F882B5FCFD80074D73D /* SceneDelegate.swift */,
				1AE90F8A2B5FCFD80074D73D /* ViewController.swift */,
				1AEBEEDB2B5FDADF001FB8D2 /* FeedViewController.swift */,
				1AEBEEDE2B5FDB05001FB8D2 /* UploadViewController.swift */,
				1AEBEEE02B5FDB11001FB8D2 /* SettingViewController.swift */,
				1A8223992B60F19000EBAFEB /* FeedCell.swift */,
			);
			path = View;
			sourceTree = "<group>";
		};
		6618862CB97552FA5F28B4BA /* Frameworks */ = {
			isa = PBXGroup;
			children = (
				8EBDD14DBC5910BE0B0B1303 /* Pods_PhotoSharingAppFB.framework */,
			);
			name = Frameworks;
			sourceTree = "<group>";
		};
		BDB7FF405D5CCB14D8EF983A /* Pods */ = {
			isa = PBXGroup;
			children = (
				308759692510813722667754 /* Pods-PhotoSharingAppFB.debug.xcconfig */,
				BCCD44C2EDB1E2D08B7491D1 /* Pods-PhotoSharingAppFB.release.xcconfig */,
			);
			path = Pods;
			sourceTree = "<group>";
		};
/* End PBXGroup section */

/* Begin PBXNativeTarget section */
		1AE90F822B5FCFD80074D73D /* PhotoSharingAppFB */ = {
			isa = PBXNativeTarget;
			buildConfigurationList = 1AE90F972B5FCFD90074D73D /* Build configuration list for PBXNativeTarget "PhotoSharingAppFB" */;
			buildPhases = (
				AF9270229A74B0355A627094 /* [CP] Check Pods Manifest.lock */,
				1AE90F7F2B5FCFD80074D73D /* Sources */,
				1AE90F802B5FCFD80074D73D /* Frameworks */,
				1AE90F812B5FCFD80074D73D /* Resources */,
				5B5119ED3B1FCB529FAABA9B /* [CP] Embed Pods Frameworks */,
			);
			buildRules = (
			);
			dependencies = (
			);
			name = PhotoSharingAppFB;
			productName = PhotoSharingAppFB;
			productReference = 1AE90F832B5FCFD80074D73D /* PhotoSharingAppFB.app */;
			productType = "com.apple.product-type.application";
		};
/* End PBXNativeTarget section */

/* Begin PBXProject section */
		1AE90F7B2B5FCFD80074D73D /* Project object */ = {
			isa = PBXProject;
			attributes = {
				BuildIndependentTargetsInParallel = 1;
				LastSwiftUpdateCheck = 1520;
				LastUpgradeCheck = 1520;
				TargetAttributes = {
					1AE90F822B5FCFD80074D73D = {
						CreatedOnToolsVersion = 15.2;
					};
				};
			};
			buildConfigurationList = 1AE90F7E2B5FCFD80074D73D /* Build configuration list for PBXProject "PhotoSharingAppFB" */;
			compatibilityVersion = "Xcode 14.0";
			developmentRegion = en;
			hasScannedForEncodings = 0;
			knownRegions = (
				en,
				Base,
			);
			mainGroup = 1AE90F7A2B5FCFD80074D73D;
			productRefGroup = 1AE90F842B5FCFD80074D73D /* Products */;
			projectDirPath = "";
			projectRoot = "";
			targets = (
				1AE90F822B5FCFD80074D73D /* PhotoSharingAppFB */,
			);
		};
/* End PBXProject section */

/* Begin PBXResourcesBuildPhase section */
		1AE90F812B5FCFD80074D73D /* Resources */ = {
			isa = PBXResourcesBuildPhase;
			buildActionMask = 2147483647;
			files = (
				1AE90F932B5FCFD90074D73D /* LaunchScreen.storyboard in Resources */,
				1AE90F9B2B5FCFED0074D73D /* GoogleService-Info.plist in Resources */,
				1AE90F902B5FCFD90074D73D /* Assets.xcassets in Resources */,
				1AE90F8E2B5FCFD80074D73D /* Main.storyboard in Resources */,
			);
			runOnlyForDeploymentPostprocessing = 0;
		};
/* End PBXResourcesBuildPhase section */

/* Begin PBXShellScriptBuildPhase section */
		5B5119ED3B1FCB529FAABA9B /* [CP] Embed Pods Frameworks */ = {
			isa = PBXShellScriptBuildPhase;
			buildActionMask = 2147483647;
			files = (
			);
			inputFileListPaths = (
				"${PODS_ROOT}/Target Support Files/Pods-PhotoSharingAppFB/Pods-PhotoSharingAppFB-frameworks-${CONFIGURATION}-input-files.xcfilelist",
			);
			name = "[CP] Embed Pods Frameworks";
			outputFileListPaths = (
				"${PODS_ROOT}/Target Support Files/Pods-PhotoSharingAppFB/Pods-PhotoSharingAppFB-frameworks-${CONFIGURATION}-output-files.xcfilelist",
			);
			runOnlyForDeploymentPostprocessing = 0;
			shellPath = /bin/sh;
			shellScript = "\"${PODS_ROOT}/Target Support Files/Pods-PhotoSharingAppFB/Pods-PhotoSharingAppFB-frameworks.sh\"\n";
			showEnvVarsInLog = 0;
		};
		AF9270229A74B0355A627094 /* [CP] Check Pods Manifest.lock */ = {
			isa = PBXShellScriptBuildPhase;
			buildActionMask = 2147483647;
			files = (
			);
			inputFileListPaths = (
			);
			inputPaths = (
				"${PODS_PODFILE_DIR_PATH}/Podfile.lock",
				"${PODS_ROOT}/Manifest.lock",
			);
			name = "[CP] Check Pods Manifest.lock";
			outputFileListPaths = (
			);
			outputPaths = (
				"$(DERIVED_FILE_DIR)/Pods-PhotoSharingAppFB-checkManifestLockResult.txt",
			);
			runOnlyForDeploymentPostprocessing = 0;
			shellPath = /bin/sh;
			shellScript = "diff \"${PODS_PODFILE_DIR_PATH}/Podfile.lock\" \"${PODS_ROOT}/Manifest.lock\" > /dev/null\nif [ $? != 0 ] ; then\n    # print error to STDERR\n    echo \"error: The sandbox is not in sync with the Podfile.lock. Run 'pod install' or update your CocoaPods installation.\" >&2\n    exit 1\nfi\n# This output is used by Xcode 'outputs' to avoid re-running this script phase.\necho \"SUCCESS\" > \"${SCRIPT_OUTPUT_FILE_0}\"\n";
			showEnvVarsInLog = 0;
		};
/* End PBXShellScriptBuildPhase section */

/* Begin PBXSourcesBuildPhase section */
		1AE90F7F2B5FCFD80074D73D /* Sources */ = {
			isa = PBXSourcesBuildPhase;
			buildActionMask = 2147483647;
			files = (
				1A82239A2B60F19000EBAFEB /* FeedCell.swift in Sources */,
				1AE90F8B2B5FCFD80074D73D /* ViewController.swift in Sources */,
				1AEBEEDF2B5FDB05001FB8D2 /* UploadViewController.swift in Sources */,
				1AA81E262B62496700407BB0 /* Post.swift in Sources */,
				1AE90F872B5FCFD80074D73D /* AppDelegate.swift in Sources */,
				1AEBEEDC2B5FDADF001FB8D2 /* FeedViewController.swift in Sources */,
				1AE90F892B5FCFD80074D73D /* SceneDelegate.swift in Sources */,
				1AEBEEE12B5FDB11001FB8D2 /* SettingViewController.swift in Sources */,
			);
			runOnlyForDeploymentPostprocessing = 0;
		};
/* End PBXSourcesBuildPhase section */

/* Begin PBXVariantGroup section */
		1AE90F8C2B5FCFD80074D73D /* Main.storyboard */ = {
			isa = PBXVariantGroup;
			children = (
				1AE90F8D2B5FCFD80074D73D /* Base */,
			);
			name = Main.storyboard;
			sourceTree = "<group>";
		};
		1AE90F912B5FCFD90074D73D /* LaunchScreen.storyboard */ = {
			isa = PBXVariantGroup;
			children = (
				1AE90F922B5FCFD90074D73D /* Base */,
			);
			name = LaunchScreen.storyboard;
			sourceTree = "<group>";
		};
/* End PBXVariantGroup section */

/* Begin XCBuildConfiguration section */
		1AE90F952B5FCFD90074D73D /* Debug */ = {
			isa = XCBuildConfiguration;
			buildSettings = {
				ALWAYS_SEARCH_USER_PATHS = NO;
				ASSETCATALOG_COMPILER_GENERATE_SWIFT_ASSET_SYMBOL_EXTENSIONS = YES;
				CLANG_ANALYZER_NONNULL = YES;
				CLANG_ANALYZER_NUMBER_OBJECT_CONVERSION = YES_AGGRESSIVE;
				CLANG_CXX_LANGUAGE_STANDARD = "gnu++20";
				CLANG_ENABLE_MODULES = YES;
				CLANG_ENABLE_OBJC_ARC = YES;
				CLANG_ENABLE_OBJC_WEAK = YES;
				CLANG_WARN_BLOCK_CAPTURE_AUTORELEASING = YES;
				CLANG_WARN_BOOL_CONVERSION = YES;
				CLANG_WARN_COMMA = YES;
				CLANG_WARN_CONSTANT_CONVERSION = YES;
				CLANG_WARN_DEPRECATED_OBJC_IMPLEMENTATIONS = YES;
				CLANG_WARN_DIRECT_OBJC_ISA_USAGE = YES_ERROR;
				CLANG_WARN_DOCUMENTATION_COMMENTS = YES;
				CLANG_WARN_EMPTY_BODY = YES;
				CLANG_WARN_ENUM_CONVERSION = YES;
				CLANG_WARN_INFINITE_RECURSION = YES;
				CLANG_WARN_INT_CONVERSION = YES;
				CLANG_WARN_NON_LITERAL_NULL_CONVERSION = YES;
				CLANG_WARN_OBJC_IMPLICIT_RETAIN_SELF = YES;
				CLANG_WARN_OBJC_LITERAL_CONVERSION = YES;
				CLANG_WARN_OBJC_ROOT_CLASS = YES_ERROR;
				CLANG_WARN_QUOTED_INCLUDE_IN_FRAMEWORK_HEADER = YES;
				CLANG_WARN_RANGE_LOOP_ANALYSIS = YES;
				CLANG_WARN_STRICT_PROTOTYPES = YES;
				CLANG_WARN_SUSPICIOUS_MOVE = YES;
				CLANG_WARN_UNGUARDED_AVAILABILITY = YES_AGGRESSIVE;
				CLANG_WARN_UNREACHABLE_CODE = YES;
				CLANG_WARN__DUPLICATE_METHOD_MATCH = YES;
				COPY_PHASE_STRIP = NO;
				DEBUG_INFORMATION_FORMAT = dwarf;
				ENABLE_STRICT_OBJC_MSGSEND = YES;
				ENABLE_TESTABILITY = YES;
				ENABLE_USER_SCRIPT_SANDBOXING = NO;
				GCC_C_LANGUAGE_STANDARD = gnu17;
				GCC_DYNAMIC_NO_PIC = NO;
				GCC_NO_COMMON_BLOCKS = YES;
				GCC_OPTIMIZATION_LEVEL = 0;
				GCC_PREPROCESSOR_DEFINITIONS = (
					"DEBUG=1",
					"$(inherited)",
				);
				GCC_WARN_64_TO_32_BIT_CONVERSION = YES;
				GCC_WARN_ABOUT_RETURN_TYPE = YES_ERROR;
				GCC_WARN_UNDECLARED_SELECTOR = YES;
				GCC_WARN_UNINITIALIZED_AUTOS = YES_AGGRESSIVE;
				GCC_WARN_UNUSED_FUNCTION = YES;
				GCC_WARN_UNUSED_VARIABLE = YES;
				IPHONEOS_DEPLOYMENT_TARGET = 17.2;
				LOCALIZATION_PREFERS_STRING_CATALOGS = YES;
				MTL_ENABLE_DEBUG_INFO = INCLUDE_SOURCE;
				MTL_FAST_MATH = YES;
				ONLY_ACTIVE_ARCH = YES;
				SDKROOT = iphoneos;
				SWIFT_ACTIVE_COMPILATION_CONDITIONS = "DEBUG $(inherited)";
				SWIFT_OPTIMIZATION_LEVEL = "-Onone";
			};
			name = Debug;
		};
		1AE90F962B5FCFD90074D73D /* Release */ = {
			isa = XCBuildConfiguration;
			buildSettings = {
				ALWAYS_SEARCH_USER_PATHS = NO;
				ASSETCATALOG_COMPILER_GENERATE_SWIFT_ASSET_SYMBOL_EXTENSIONS = YES;
				CLANG_ANALYZER_NONNULL = YES;
				CLANG_ANALYZER_NUMBER_OBJECT_CONVERSION = YES_AGGRESSIVE;
				CLANG_CXX_LANGUAGE_STANDARD = "gnu++20";
				CLANG_ENABLE_MODULES = YES;
				CLANG_ENABLE_OBJC_ARC = YES;
				CLANG_ENABLE_OBJC_WEAK = YES;
				CLANG_WARN_BLOCK_CAPTURE_AUTORELEASING = YES;
				CLANG_WARN_BOOL_CONVERSION = YES;
				CLANG_WARN_COMMA = YES;
				CLANG_WARN_CONSTANT_CONVERSION = YES;
				CLANG_WARN_DEPRECATED_OBJC_IMPLEMENTATIONS = YES;
				CLANG_WARN_DIRECT_OBJC_ISA_USAGE = YES_ERROR;
				CLANG_WARN_DOCUMENTATION_COMMENTS = YES;
				CLANG_WARN_EMPTY_BODY = YES;
				CLANG_WARN_ENUM_CONVERSION = YES;
				CLANG_WARN_INFINITE_RECURSION = YES;
				CLANG_WARN_INT_CONVERSION = YES;
				CLANG_WARN_NON_LITERAL_NULL_CONVERSION = YES;
				CLANG_WARN_OBJC_IMPLICIT_RETAIN_SELF = YES;
				CLANG_WARN_OBJC_LITERAL_CONVERSION = YES;
				CLANG_WARN_OBJC_ROOT_CLASS = YES_ERROR;
				CLANG_WARN_QUOTED_INCLUDE_IN_FRAMEWORK_HEADER = YES;
				CLANG_WARN_RANGE_LOOP_ANALYSIS = YES;
				CLANG_WARN_STRICT_PROTOTYPES = YES;
				CLANG_WARN_SUSPICIOUS_MOVE = YES;
				CLANG_WARN_UNGUARDED_AVAILABILITY = YES_AGGRESSIVE;
				CLANG_WARN_UNREACHABLE_CODE = YES;
				CLANG_WARN__DUPLICATE_METHOD_MATCH = YES;
				COPY_PHASE_STRIP = NO;
				DEBUG_INFORMATION_FORMAT = "dwarf-with-dsym";
				ENABLE_NS_ASSERTIONS = NO;
				ENABLE_STRICT_OBJC_MSGSEND = YES;
				ENABLE_USER_SCRIPT_SANDBOXING = NO;
				GCC_C_LANGUAGE_STANDARD = gnu17;
				GCC_NO_COMMON_BLOCKS = YES;
				GCC_WARN_64_TO_32_BIT_CONVERSION = YES;
				GCC_WARN_ABOUT_RETURN_TYPE = YES_ERROR;
				GCC_WARN_UNDECLARED_SELECTOR = YES;
				GCC_WARN_UNINITIALIZED_AUTOS = YES_AGGRESSIVE;
				GCC_WARN_UNUSED_FUNCTION = YES;
				GCC_WARN_UNUSED_VARIABLE = YES;
				IPHONEOS_DEPLOYMENT_TARGET = 17.2;
				LOCALIZATION_PREFERS_STRING_CATALOGS = YES;
				MTL_ENABLE_DEBUG_INFO = NO;
				MTL_FAST_MATH = YES;
				SDKROOT = iphoneos;
				SWIFT_COMPILATION_MODE = wholemodule;
				VALIDATE_PRODUCT = YES;
			};
			name = Release;
		};
		1AE90F982B5FCFD90074D73D /* Debug */ = {
			isa = XCBuildConfiguration;
			baseConfigurationReference = 308759692510813722667754 /* Pods-PhotoSharingAppFB.debug.xcconfig */;
			buildSettings = {
				ASSETCATALOG_COMPILER_APPICON_NAME = AppIcon;
				ASSETCATALOG_COMPILER_GLOBAL_ACCENT_COLOR_NAME = AccentColor;
				CODE_SIGN_STYLE = Automatic;
				CURRENT_PROJECT_VERSION = 1;
				DEVELOPMENT_TEAM = 8GL9J69ZFS;
				GENERATE_INFOPLIST_FILE = YES;
				INFOPLIST_FILE = PhotoSharingAppFB/Info.plist;
				INFOPLIST_KEY_UIApplicationSupportsIndirectInputEvents = YES;
				INFOPLIST_KEY_UILaunchStoryboardName = LaunchScreen;
				INFOPLIST_KEY_UIMainStoryboardFile = Main;
				INFOPLIST_KEY_UISupportedInterfaceOrientations_iPad = "UIInterfaceOrientationPortrait UIInterfaceOrientationPortraitUpsideDown UIInterfaceOrientationLandscapeLeft UIInterfaceOrientationLandscapeRight";
				INFOPLIST_KEY_UISupportedInterfaceOrientations_iPhone = "UIInterfaceOrientationPortrait UIInterfaceOrientationLandscapeLeft UIInterfaceOrientationLandscapeRight";
				LD_RUNPATH_SEARCH_PATHS = (
					"$(inherited)",
					"@executable_path/Frameworks",
				);
				MARKETING_VERSION = 1.0;
				PRODUCT_BUNDLE_IDENTIFIER = com.zerdasoftware.PhotoSharingAppFB;
				PRODUCT_NAME = "$(TARGET_NAME)";
				SWIFT_EMIT_LOC_STRINGS = YES;
				SWIFT_VERSION = 5.0;
				TARGETED_DEVICE_FAMILY = "1,2";
			};
			name = Debug;
		};
		1AE90F992B5FCFD90074D73D /* Release */ = {
			isa = XCBuildConfiguration;
			baseConfigurationReference = BCCD44C2EDB1E2D08B7491D1 /* Pods-PhotoSharingAppFB.release.xcconfig */;
			buildSettings = {
				ASSETCATALOG_COMPILER_APPICON_NAME = AppIcon;
				ASSETCATALOG_COMPILER_GLOBAL_ACCENT_COLOR_NAME = AccentColor;
				CODE_SIGN_STYLE = Automatic;
				CURRENT_PROJECT_VERSION = 1;
				DEVELOPMENT_TEAM = 8GL9J69ZFS;
				GENERATE_INFOPLIST_FILE = YES;
				INFOPLIST_FILE = PhotoSharingAppFB/Info.plist;
				INFOPLIST_KEY_UIApplicationSupportsIndirectInputEvents = YES;
				INFOPLIST_KEY_UILaunchStoryboardName = LaunchScreen;
				INFOPLIST_KEY_UIMainStoryboardFile = Main;
				INFOPLIST_KEY_UISupportedInterfaceOrientations_iPad = "UIInterfaceOrientationPortrait UIInterfaceOrientationPortraitUpsideDown UIInterfaceOrientationLandscapeLeft UIInterfaceOrientationLandscapeRight";
				INFOPLIST_KEY_UISupportedInterfaceOrientations_iPhone = "UIInterfaceOrientationPortrait UIInterfaceOrientationLandscapeLeft UIInterfaceOrientationLandscapeRight";
				LD_RUNPATH_SEARCH_PATHS = (
					"$(inherited)",
					"@executable_path/Frameworks",
				);
				MARKETING_VERSION = 1.0;
				PRODUCT_BUNDLE_IDENTIFIER = com.zerdasoftware.PhotoSharingAppFB;
				PRODUCT_NAME = "$(TARGET_NAME)";
				SWIFT_EMIT_LOC_STRINGS = YES;
				SWIFT_VERSION = 5.0;
				TARGETED_DEVICE_FAMILY = "1,2";
			};
			name = Release;
		};
/* End XCBuildConfiguration section */

/* Begin XCConfigurationList section */
		1AE90F7E2B5FCFD80074D73D /* Build configuration list for PBXProject "PhotoSharingAppFB" */ = {
			isa = XCConfigurationList;
			buildConfigurations = (
				1AE90F952B5FCFD90074D73D /* Debug */,
				1AE90F962B5FCFD90074D73D /* Release */,
			);
			defaultConfigurationIsVisible = 0;
			defaultConfigurationName = Release;
		};
		1AE90F972B5FCFD90074D73D /* Build configuration list for PBXNativeTarget "PhotoSharingAppFB" */ = {
			isa = XCConfigurationList;
			buildConfigurations = (
				1AE90F982B5FCFD90074D73D /* Debug */,
				1AE90F992B5FCFD90074D73D /* Release */,
			);
			defaultConfigurationIsVisible = 0;
			defaultConfigurationName = Release;
		};
/* End XCConfigurationList section */
	};
	rootObject = 1AE90F7B2B5FCFD80074D73D /* Project object */;
}
